
Microsoft Visual Studio Solution File, Format Version 12.00
# Visual Studio Version 17
VisualStudioVersion = 17.0.31912.275
MinimumVisualStudioVersion = 10.0.40219.1
Project("{FAE04EC0-301F-11D3-BF4B-00C04F79EFBC}") = "LeetCode", "LeetCode.csproj", "{718BA831-831B-4C0A-B6F3-03FB52A0806E}"
EndProject
Global
	GlobalSection(SolutionConfigurationPlatforms) = preSolution
		Debug|Any CPU = Debug|Any CPU
		Release|Any CPU = Release|Any CPU
	EndGlobalSection
	GlobalSection(ProjectConfigurationPlatforms) = postSolution
		{718BA831-831B-4C0A-B6F3-03FB52A0806E}.Debug|Any CPU.ActiveCfg = Debug|Any CPU
		{718BA831-831B-4C0A-B6F3-03FB52A0806E}.Debug|Any CPU.Build.0 = Debug|Any CPU
		{718BA831-831B-4C0A-B6F3-03FB52A0806E}.Release|Any CPU.ActiveCfg = Release|Any CPU
		{718BA831-831B-4C0A-B6F3-03FB52A0806E}.Release|Any CPU.Build.0 = Release|Any CPU
	EndGlobalSection
	GlobalSection(SolutionProperties) = preSolution
		HideSolutionNode = FALSE
	EndGlobalSection
	GlobalSection(ExtensibilityGlobals) = postSolution
		SolutionGuid = {A1B4D831-BBC4-450C-A88C-EFAE8A05F1D3}
	EndGlobalSection
EndGlobal
